
Microsoft Visual Studio Solution File, Format Version 12.00
# Visual Studio Version 16
VisualStudioVersion = 16.0.29613.14
MinimumVisualStudioVersion = 10.0.40219.1
Project("{FAE04EC0-301F-11D3-BF4B-00C04F79EFBC}") = "MongoTutorialDemo", "MongoTutorialDemo.csproj", "{3AD21232-747E-4CFD-B0A5-C1A3EBFFCEAD}"
EndProject
Global
	GlobalSection(SolutionConfigurationPlatforms) = preSolution
		Debug|Any CPU = Debug|Any CPU
		Release|Any CPU = Release|Any CPU
	EndGlobalSection
	GlobalSection(ProjectConfigurationPlatforms) = postSolution
		{3AD21232-747E-4CFD-B0A5-C1A3EBFFCEAD}.Debug|Any CPU.ActiveCfg = Debug|Any CPU
		{3AD21232-747E-4CFD-B0A5-C1A3EBFFCEAD}.Debug|Any CPU.Build.0 = Debug|Any CPU
		{3AD21232-747E-4CFD-B0A5-C1A3EBFFCEAD}.Release|Any CPU.ActiveCfg = Release|Any CPU
		{3AD21232-747E-4CFD-B0A5-C1A3EBFFCEAD}.Release|Any CPU.Build.0 = Release|Any CPU
	EndGlobalSection
	GlobalSection(SolutionProperties) = preSolution
		HideSolutionNode = FALSE
	EndGlobalSection
	GlobalSection(ExtensibilityGlobals) = postSolution
		SolutionGuid = {84FAB707-6688-45BF-8EB4-9F690051E784}
	EndGlobalSection
EndGlobal
